
Microsoft Visual Studio Solution File, Format Version 12.00
# Visual Studio Version 16
VisualStudioVersion = 16.0.30204.135
MinimumVisualStudioVersion = 10.0.40219.1
Project("{9A19103F-16F7-4668-BE54-9A1E7A4F7556}") = "PromotionEngine", "PromotionEngine\PromotionEngine.csproj", "{6B2AF48E-1D58-4A91-8DA2-662A08990603}"
EndProject
Project("{9A19103F-16F7-4668-BE54-9A1E7A4F7556}") = "Domain", "Domain\Domain.csproj", "{4C064FB6-BE15-4D93-A0AC-F01A61EB1D1A}"
EndProject
Project("{9A19103F-16F7-4668-BE54-9A1E7A4F7556}") = "ApplicationLayer", "ApplicationLayer\ApplicationLayer.csproj", "{EF1C1F09-5619-4820-A77A-DA0248BA816F}"
EndProject
Project("{9A19103F-16F7-4668-BE54-9A1E7A4F7556}") = "Persistance", "Persistance\Persistance.csproj", "{C8E4CC79-90C1-430A-BE6F-F920FFBA9C5B}"
EndProject
Project("{FAE04EC0-301F-11D3-BF4B-00C04F79EFBC}") = "PromotionEngine.UnitTests", "PromotionEngine.UnitTests\PromotionEngine.UnitTests.csproj", "{2DF2E184-AAD4-40D6-8A09-739EE56850E3}"
EndProject
Global
	GlobalSection(SolutionConfigurationPlatforms) = preSolution
		Debug|Any CPU = Debug|Any CPU
		Release|Any CPU = Release|Any CPU
	EndGlobalSection
	GlobalSection(ProjectConfigurationPlatforms) = postSolution
		{6B2AF48E-1D58-4A91-8DA2-662A08990603}.Debug|Any CPU.ActiveCfg = Debug|Any CPU
		{6B2AF48E-1D58-4A91-8DA2-662A08990603}.Debug|Any CPU.Build.0 = Debug|Any CPU
		{6B2AF48E-1D58-4A91-8DA2-662A08990603}.Release|Any CPU.ActiveCfg = Release|Any CPU
		{6B2AF48E-1D58-4A91-8DA2-662A08990603}.Release|Any CPU.Build.0 = Release|Any CPU
		{4C064FB6-BE15-4D93-A0AC-F01A61EB1D1A}.Debug|Any CPU.ActiveCfg = Debug|Any CPU
		{4C064FB6-BE15-4D93-A0AC-F01A61EB1D1A}.Debug|Any CPU.Build.0 = Debug|Any CPU
		{4C064FB6-BE15-4D93-A0AC-F01A61EB1D1A}.Release|Any CPU.ActiveCfg = Release|Any CPU
		{4C064FB6-BE15-4D93-A0AC-F01A61EB1D1A}.Release|Any CPU.Build.0 = Release|Any CPU
		{EF1C1F09-5619-4820-A77A-DA0248BA816F}.Debug|Any CPU.ActiveCfg = Debug|Any CPU
		{EF1C1F09-5619-4820-A77A-DA0248BA816F}.Debug|Any CPU.Build.0 = Debug|Any CPU
		{EF1C1F09-5619-4820-A77A-DA0248BA816F}.Release|Any CPU.ActiveCfg = Release|Any CPU
		{EF1C1F09-5619-4820-A77A-DA0248BA816F}.Release|Any CPU.Build.0 = Release|Any CPU
		{C8E4CC79-90C1-430A-BE6F-F920FFBA9C5B}.Debug|Any CPU.ActiveCfg = Debug|Any CPU
		{C8E4CC79-90C1-430A-BE6F-F920FFBA9C5B}.Debug|Any CPU.Build.0 = Debug|Any CPU
		{C8E4CC79-90C1-430A-BE6F-F920FFBA9C5B}.Release|Any CPU.ActiveCfg = Release|Any CPU
		{C8E4CC79-90C1-430A-BE6F-F920FFBA9C5B}.Release|Any CPU.Build.0 = Release|Any CPU
		{2DF2E184-AAD4-40D6-8A09-739EE56850E3}.Debug|Any CPU.ActiveCfg = Debug|Any CPU
		{2DF2E184-AAD4-40D6-8A09-739EE56850E3}.Debug|Any CPU.Build.0 = Debug|Any CPU
		{2DF2E184-AAD4-40D6-8A09-739EE56850E3}.Release|Any CPU.ActiveCfg = Release|Any CPU
		{2DF2E184-AAD4-40D6-8A09-739EE56850E3}.Release|Any CPU.Build.0 = Release|Any CPU
	EndGlobalSection
	GlobalSection(SolutionProperties) = preSolution
		HideSolutionNode = FALSE
	EndGlobalSection
	GlobalSection(ExtensibilityGlobals) = postSolution
		SolutionGuid = {328F1188-FC12-4741-8A8A-EDBF663B82B2}
	EndGlobalSection
EndGlobal
